
Microsoft Visual Studio Solution File, Format Version 12.00
# Visual Studio Version 17
VisualStudioVersion = 17.0.32112.339
MinimumVisualStudioVersion = 10.0.40219.1
Project("{FAE04EC0-301F-11D3-BF4B-00C04F79EFBC}") = "TestingBindingToLocal_EF_6", "TestingBindingToLocal_EF_6\TestingBindingToLocal_EF_6.csproj", "{BBA67A7D-33C7-4B11-B6EA-A3E41A363BEA}"
EndProject
Global
	GlobalSection(SolutionConfigurationPlatforms) = preSolution
		Debug|Any CPU = Debug|Any CPU
		Release|Any CPU = Release|Any CPU
	EndGlobalSection
	GlobalSection(ProjectConfigurationPlatforms) = postSolution
		{BBA67A7D-33C7-4B11-B6EA-A3E41A363BEA}.Debug|Any CPU.ActiveCfg = Debug|Any CPU
		{BBA67A7D-33C7-4B11-B6EA-A3E41A363BEA}.Debug|Any CPU.Build.0 = Debug|Any CPU
		{BBA67A7D-33C7-4B11-B6EA-A3E41A363BEA}.Release|Any CPU.ActiveCfg = Release|Any CPU
		{BBA67A7D-33C7-4B11-B6EA-A3E41A363BEA}.Release|Any CPU.Build.0 = Release|Any CPU
	EndGlobalSection
	GlobalSection(SolutionProperties) = preSolution
		HideSolutionNode = FALSE
	EndGlobalSection
	GlobalSection(ExtensibilityGlobals) = postSolution
		SolutionGuid = {D8567F15-98DD-4DD9-B666-B9BC54837425}
	EndGlobalSection
EndGlobal
